
Microsoft Visual Studio Solution File, Format Version 12.00
# Visual Studio Version 17
VisualStudioVersion = 17.8.34309.116
MinimumVisualStudioVersion = 10.0.40219.1
Project("{FAE04EC0-301F-11D3-BF4B-00C04F79EFBC}") = "CineTPIProgII", "CineTPIProgII\CineTPIProgII.csproj", "{1ADD6C36-CB2F-4CCD-A7A3-A7EEF87E5753}"
EndProject
Global
	GlobalSection(SolutionConfigurationPlatforms) = preSolution
		Debug|Any CPU = Debug|Any CPU
		Release|Any CPU = Release|Any CPU
	EndGlobalSection
	GlobalSection(ProjectConfigurationPlatforms) = postSolution
		{1ADD6C36-CB2F-4CCD-A7A3-A7EEF87E5753}.Debug|Any CPU.ActiveCfg = Debug|Any CPU
		{1ADD6C36-CB2F-4CCD-A7A3-A7EEF87E5753}.Debug|Any CPU.Build.0 = Debug|Any CPU
		{1ADD6C36-CB2F-4CCD-A7A3-A7EEF87E5753}.Release|Any CPU.ActiveCfg = Release|Any CPU
		{1ADD6C36-CB2F-4CCD-A7A3-A7EEF87E5753}.Release|Any CPU.Build.0 = Release|Any CPU
	EndGlobalSection
	GlobalSection(SolutionProperties) = preSolution
		HideSolutionNode = FALSE
	EndGlobalSection
	GlobalSection(ExtensibilityGlobals) = postSolution
		SolutionGuid = {2C9D6CA2-4C46-4D3C-A366-7BB41F03A86C}
	EndGlobalSection
EndGlobal
